// !$*UTF8*$!
{
	archiveVersion = 1;
	classes = {
	};
	objectVersion = 50;
	objects = {

/* Begin PBXBuildFile section */
		AED4D09026506451009BA634 /* AppDelegate.swift in Sources */ = {isa = PBXBuildFile; fileRef = AED4D08F26506451009BA634 /* AppDelegate.swift */; };
		AED4D09226506451009BA634 /* SceneDelegate.swift in Sources */ = {isa = PBXBuildFile; fileRef = AED4D09126506451009BA634 /* SceneDelegate.swift */; };
		AED4D09426506451009BA634 /* MainViewController.swift in Sources */ = {isa = PBXBuildFile; fileRef = AED4D09326506451009BA634 /* MainViewController.swift */; };
		AED4D09726506451009BA634 /* Main.storyboard in Resources */ = {isa = PBXBuildFile; fileRef = AED4D09526506451009BA634 /* Main.storyboard */; };
		AED4D09926506453009BA634 /* Assets.xcassets in Resources */ = {isa = PBXBuildFile; fileRef = AED4D09826506453009BA634 /* Assets.xcassets */; };
		AED4D09C26506453009BA634 /* LaunchScreen.storyboard in Resources */ = {isa = PBXBuildFile; fileRef = AED4D09A26506453009BA634 /* LaunchScreen.storyboard */; };
		AED4D0A726506CFF009BA634 /* Filme.swift in Sources */ = {isa = PBXBuildFile; fileRef = AED4D0A626506CFF009BA634 /* Filme.swift */; };
		AED4D0A926506EC2009BA634 /* Cadastro.swift in Sources */ = {isa = PBXBuildFile; fileRef = AED4D0A826506EC2009BA634 /* Cadastro.swift */; };
		AED4D0AB2650707D009BA634 /* NovoViewController.swift in Sources */ = {isa = PBXBuildFile; fileRef = AED4D0AA2650707D009BA634 /* NovoViewController.swift */; };
/* End PBXBuildFile section */

/* Begin PBXFileReference section */
		AED4D08C26506451009BA634 /* Filmes.app */ = {isa = PBXFileReference; explicitFileType = wrapper.application; includeInIndex = 0; path = Filmes.app; sourceTree = BUILT_PRODUCTS_DIR; };
		AED4D08F26506451009BA634 /* AppDelegate.swift */ = {isa = PBXFileReference; lastKnownFileType = sourcecode.swift; path = AppDelegate.swift; sourceTree = "<group>"; };
		AED4D09126506451009BA634 /* SceneDelegate.swift */ = {isa = PBXFileReference; lastKnownFileType = sourcecode.swift; path = SceneDelegate.swift; sourceTree = "<group>"; };
		AED4D09326506451009BA634 /* MainViewController.swift */ = {isa = PBXFileReference; lastKnownFileType = sourcecode.swift; path = MainViewController.swift; sourceTree = "<group>"; };
		AED4D09626506451009BA634 /* Base */ = {isa = PBXFileReference; lastKnownFileType = file.storyboard; name = Base; path = Base.lproj/Main.storyboard; sourceTree = "<group>"; };
		AED4D09826506453009BA634 /* Assets.xcassets */ = {isa = PBXFileReference; lastKnownFileType = folder.assetcatalog; path = Assets.xcassets; sourceTree = "<group>"; };
		AED4D09B26506453009BA634 /* Base */ = {isa = PBXFileReference; lastKnownFileType = file.storyboard; name = Base; path = Base.lproj/LaunchScreen.storyboard; sourceTree = "<group>"; };
		AED4D09D26506453009BA634 /* Info.plist */ = {isa = PBXFileReference; lastKnownFileType = text.plist.xml; path = Info.plist; sourceTree = "<group>"; };
		AED4D0A626506CFF009BA634 /* Filme.swift */ = {isa = PBXFileReference; lastKnownFileType = sourcecode.swift; path = Filme.swift; sourceTree = "<group>"; };
		AED4D0A826506EC2009BA634 /* Cadastro.swift */ = {isa = PBXFileReference; lastKnownFileType = sourcecode.swift; path = Cadastro.swift; sourceTree = "<group>"; };
		AED4D0AA2650707D009BA634 /* NovoViewController.swift */ = {isa = PBXFileReference; lastKnownFileType = sourcecode.swift; path = NovoViewController.swift; sourceTree = "<group>"; };
/* End PBXFileReference section */

/* Begin PBXFrameworksBuildPhase section */
		AED4D08926506451009BA634 /* Frameworks */ = {
			isa = PBXFrameworksBuildPhase;
			buildActionMask = 2147483647;
			files = (
			);
			runOnlyForDeploymentPostprocessing = 0;
		};
/* End PBXFrameworksBuildPhase section */

/* Begin PBXGroup section */
		AED4D08326506451009BA634 = {
			isa = PBXGroup;
			children = (
				AED4D08E26506451009BA634 /* Filmes */,
				AED4D08D26506451009BA634 /* Products */,
			);
			sourceTree = "<group>";
		};
		AED4D08D26506451009BA634 /* Products */ = {
			isa = PBXGroup;
			children = (
				AED4D08C26506451009BA634 /* Filmes.app */,
			);
			name = Products;
			sourceTree = "<group>";
		};
		AED4D08E26506451009BA634 /* Filmes */ = {
			isa = PBXGroup;
			children = (
				AED4D0A52650647A009BA634 /* controller */,
				AED4D0A426506475009BA634 /* view */,
				AED4D0A326506467009BA634 /* model */,
				AED4D08F26506451009BA634 /* AppDelegate.swift */,
				AED4D09126506451009BA634 /* SceneDelegate.swift */,
				AED4D09826506453009BA634 /* Assets.xcassets */,
				AED4D09D26506453009BA634 /* Info.plist */,
			);
			path = Filmes;
			sourceTree = "<group>";
		};
		AED4D0A326506467009BA634 /* model */ = {
			isa = PBXGroup;
			children = (
				AED4D0A626506CFF009BA634 /* Filme.swift */,
				AED4D0A826506EC2009BA634 /* Cadastro.swift */,
			);
			path = model;
			sourceTree = "<group>";
		};
		AED4D0A426506475009BA634 /* view */ = {
			isa = PBXGroup;
			children = (
				AED4D09526506451009BA634 /* Main.storyboard */,
				AED4D09A26506453009BA634 /* LaunchScreen.storyboard */,
			);
			path = view;
			sourceTree = "<group>";
		};
		AED4D0A52650647A009BA634 /* controller */ = {
			isa = PBXGroup;
			children = (
				AED4D09326506451009BA634 /* MainViewController.swift */,
				AED4D0AA2650707D009BA634 /* NovoViewController.swift */,
			);
			path = controller;
			sourceTree = "<group>";
		};
/* End PBXGroup section */

/* Begin PBXNativeTarget section */
		AED4D08B26506451009BA634 /* Filmes */ = {
			isa = PBXNativeTarget;
			buildConfigurationList = AED4D0A026506453009BA634 /* Build configuration list for PBXNativeTarget "Filmes" */;
			buildPhases = (
				AED4D08826506451009BA634 /* Sources */,
				AED4D08926506451009BA634 /* Frameworks */,
				AED4D08A26506451009BA634 /* Resources */,
			);
			buildRules = (
			);
			dependencies = (
			);
			name = Filmes;
			productName = Filmes;
			productReference = AED4D08C26506451009BA634 /* Filmes.app */;
			productType = "com.apple.product-type.application";
		};
/* End PBXNativeTarget section */

/* Begin PBXProject section */
		AED4D08426506451009BA634 /* Project object */ = {
			isa = PBXProject;
			attributes = {
				LastSwiftUpdateCheck = 1250;
				LastUpgradeCheck = 1250;
				TargetAttributes = {
					AED4D08B26506451009BA634 = {
						CreatedOnToolsVersion = 12.5;
					};
				};
			};
			buildConfigurationList = AED4D08726506451009BA634 /* Build configuration list for PBXProject "Filmes" */;
			compatibilityVersion = "Xcode 9.3";
			developmentRegion = en;
			hasScannedForEncodings = 0;
			knownRegions = (
				en,
				Base,
			);
			mainGroup = AED4D08326506451009BA634;
			productRefGroup = AED4D08D26506451009BA634 /* Products */;
			projectDirPath = "";
			projectRoot = "";
			targets = (
				AED4D08B26506451009BA634 /* Filmes */,
			);
		};
/* End PBXProject section */

/* Begin PBXResourcesBuildPhase section */
		AED4D08A26506451009BA634 /* Resources */ = {
			isa = PBXResourcesBuildPhase;
			buildActionMask = 2147483647;
			files = (
				AED4D09C26506453009BA634 /* LaunchScreen.storyboard in Resources */,
				AED4D09926506453009BA634 /* Assets.xcassets in Resources */,
				AED4D09726506451009BA634 /* Main.storyboard in Resources */,
			);
			runOnlyForDeploymentPostprocessing = 0;
		};
/* End PBXResourcesBuildPhase section */

/* Begin PBXSourcesBuildPhase section */
		AED4D08826506451009BA634 /* Sources */ = {
			isa = PBXSourcesBuildPhase;
			buildActionMask = 2147483647;
			files = (
				AED4D0AB2650707D009BA634 /* NovoViewController.swift in Sources */,
				AED4D09426506451009BA634 /* MainViewController.swift in Sources */,
				AED4D0A926506EC2009BA634 /* Cadastro.swift in Sources */,
				AED4D09026506451009BA634 /* AppDelegate.swift in Sources */,
				AED4D09226506451009BA634 /* SceneDelegate.swift in Sources */,
				AED4D0A726506CFF009BA634 /* Filme.swift in Sources */,
			);
			runOnlyForDeploymentPostprocessing = 0;
		};
/* End PBXSourcesBuildPhase section */

/* Begin PBXVariantGroup section */
		AED4D09526506451009BA634 /* Main.storyboard */ = {
			isa = PBXVariantGroup;
			children = (
				AED4D09626506451009BA634 /* Base */,
			);
			name = Main.storyboard;
			sourceTree = "<group>";
		};
		AED4D09A26506453009BA634 /* LaunchScreen.storyboard */ = {
			isa = PBXVariantGroup;
			children = (
				AED4D09B26506453009BA634 /* Base */,
			);
			name = LaunchScreen.storyboard;
			sourceTree = "<group>";
		};
/* End PBXVariantGroup section */

/* Begin XCBuildConfiguration section */
		AED4D09E26506453009BA634 /* Debug */ = {
			isa = XCBuildConfiguration;
			buildSettings = {
				ALWAYS_SEARCH_USER_PATHS = NO;
				CLANG_ANALYZER_NONNULL = YES;
				CLANG_ANALYZER_NUMBER_OBJECT_CONVERSION = YES_AGGRESSIVE;
				CLANG_CXX_LANGUAGE_STANDARD = "gnu++14";
				CLANG_CXX_LIBRARY = "libc++";
				CLANG_ENABLE_MODULES = YES;
				CLANG_ENABLE_OBJC_ARC = YES;
				CLANG_ENABLE_OBJC_WEAK = YES;
				CLANG_WARN_BLOCK_CAPTURE_AUTORELEASING = YES;
				CLANG_WARN_BOOL_CONVERSION = YES;
				CLANG_WARN_COMMA = YES;
				CLANG_WARN_CONSTANT_CONVERSION = YES;
				CLANG_WARN_DEPRECATED_OBJC_IMPLEMENTATIONS = YES;
				CLANG_WARN_DIRECT_OBJC_ISA_USAGE = YES_ERROR;
				CLANG_WARN_DOCUMENTATION_COMMENTS = YES;
				CLANG_WARN_EMPTY_BODY = YES;
				CLANG_WARN_ENUM_CONVERSION = YES;
				CLANG_WARN_INFINITE_RECURSION = YES;
				CLANG_WARN_INT_CONVERSION = YES;
				CLANG_WARN_NON_LITERAL_NULL_CONVERSION = YES;
				CLANG_WARN_OBJC_IMPLICIT_RETAIN_SELF = YES;
				CLANG_WARN_OBJC_LITERAL_CONVERSION = YES;
				CLANG_WARN_OBJC_ROOT_CLASS = YES_ERROR;
				CLANG_WARN_QUOTED_INCLUDE_IN_FRAMEWORK_HEADER = YES;
				CLANG_WARN_RANGE_LOOP_ANALYSIS = YES;
				CLANG_WARN_STRICT_PROTOTYPES = YES;
				CLANG_WARN_SUSPICIOUS_MOVE = YES;
				CLANG_WARN_UNGUARDED_AVAILABILITY = YES_AGGRESSIVE;
				CLANG_WARN_UNREACHABLE_CODE = YES;
				CLANG_WARN__DUPLICATE_METHOD_MATCH = YES;
				COPY_PHASE_STRIP = NO;
				DEBUG_INFORMATION_FORMAT = dwarf;
				ENABLE_STRICT_OBJC_MSGSEND = YES;
				ENABLE_TESTABILITY = YES;
				GCC_C_LANGUAGE_STANDARD = gnu11;
				GCC_DYNAMIC_NO_PIC = NO;
				GCC_NO_COMMON_BLOCKS = YES;
				GCC_OPTIMIZATION_LEVEL = 0;
				GCC_PREPROCESSOR_DEFINITIONS = (
					"DEBUG=1",
					"$(inherited)",
				);
				GCC_WARN_64_TO_32_BIT_CONVERSION = YES;
				GCC_WARN_ABOUT_RETURN_TYPE = YES_ERROR;
				GCC_WARN_UNDECLARED_SELECTOR = YES;
				GCC_WARN_UNINITIALIZED_AUTOS = YES_AGGRESSIVE;
				GCC_WARN_UNUSED_FUNCTION = YES;
				GCC_WARN_UNUSED_VARIABLE = YES;
				IPHONEOS_DEPLOYMENT_TARGET = 14.5;
				MTL_ENABLE_DEBUG_INFO = INCLUDE_SOURCE;
				MTL_FAST_MATH = YES;
				ONLY_ACTIVE_ARCH = YES;
				SDKROOT = iphoneos;
				SWIFT_ACTIVE_COMPILATION_CONDITIONS = DEBUG;
				SWIFT_OPTIMIZATION_LEVEL = "-Onone";
			};
			name = Debug;
		};
		AED4D09F26506453009BA634 /* Release */ = {
			isa = XCBuildConfiguration;
			buildSettings = {
				ALWAYS_SEARCH_USER_PATHS = NO;
				CLANG_ANALYZER_NONNULL = YES;
				CLANG_ANALYZER_NUMBER_OBJECT_CONVERSION = YES_AGGRESSIVE;
				CLANG_CXX_LANGUAGE_STANDARD = "gnu++14";
				CLANG_CXX_LIBRARY = "libc++";
				CLANG_ENABLE_MODULES = YES;
				CLANG_ENABLE_OBJC_ARC = YES;
				CLANG_ENABLE_OBJC_WEAK = YES;
				CLANG_WARN_BLOCK_CAPTURE_AUTORELEASING = YES;
				CLANG_WARN_BOOL_CONVERSION = YES;
				CLANG_WARN_COMMA = YES;
				CLANG_WARN_CONSTANT_CONVERSION = YES;
				CLANG_WARN_DEPRECATED_OBJC_IMPLEMENTATIONS = YES;
				CLANG_WARN_DIRECT_OBJC_ISA_USAGE = YES_ERROR;
				CLANG_WARN_DOCUMENTATION_COMMENTS = YES;
				CLANG_WARN_EMPTY_BODY = YES;
				CLANG_WARN_ENUM_CONVERSION = YES;
				CLANG_WARN_INFINITE_RECURSION = YES;
				CLANG_WARN_INT_CONVERSION = YES;
				CLANG_WARN_NON_LITERAL_NULL_CONVERSION = YES;
				CLANG_WARN_OBJC_IMPLICIT_RETAIN_SELF = YES;
				CLANG_WARN_OBJC_LITERAL_CONVERSION = YES;
				CLANG_WARN_OBJC_ROOT_CLASS = YES_ERROR;
				CLANG_WARN_QUOTED_INCLUDE_IN_FRAMEWORK_HEADER = YES;
				CLANG_WARN_RANGE_LOOP_ANALYSIS = YES;
				CLANG_WARN_STRICT_PROTOTYPES = YES;
				CLANG_WARN_SUSPICIOUS_MOVE = YES;
				CLANG_WARN_UNGUARDED_AVAILABILITY = YES_AGGRESSIVE;
				CLANG_WARN_UNREACHABLE_CODE = YES;
				CLANG_WARN__DUPLICATE_METHOD_MATCH = YES;
				COPY_PHASE_STRIP = NO;
				DEBUG_INFORMATION_FORMAT = "dwarf-with-dsym";
				ENABLE_NS_ASSERTIONS = NO;
				ENABLE_STRICT_OBJC_MSGSEND = YES;
				GCC_C_LANGUAGE_STANDARD = gnu11;
				GCC_NO_COMMON_BLOCKS = YES;
				GCC_WARN_64_TO_32_BIT_CONVERSION = YES;
				GCC_WARN_ABOUT_RETURN_TYPE = YES_ERROR;
				GCC_WARN_UNDECLARED_SELECTOR = YES;
				GCC_WARN_UNINITIALIZED_AUTOS = YES_AGGRESSIVE;
				GCC_WARN_UNUSED_FUNCTION = YES;
				GCC_WARN_UNUSED_VARIABLE = YES;
				IPHONEOS_DEPLOYMENT_TARGET = 14.5;
				MTL_ENABLE_DEBUG_INFO = NO;
				MTL_FAST_MATH = YES;
				SDKROOT = iphoneos;
				SWIFT_COMPILATION_MODE = wholemodule;
				SWIFT_OPTIMIZATION_LEVEL = "-O";
				VALIDATE_PRODUCT = YES;
			};
			name = Release;
		};
		AED4D0A126506453009BA634 /* Debug */ = {
			isa = XCBuildConfiguration;
			buildSettings = {
				ASSETCATALOG_COMPILER_APPICON_NAME = AppIcon;
				ASSETCATALOG_COMPILER_GLOBAL_ACCENT_COLOR_NAME = AccentColor;
				CODE_SIGN_STYLE = Automatic;
				INFOPLIST_FILE = Filmes/Info.plist;
				LD_RUNPATH_SEARCH_PATHS = (
					"$(inherited)",
					"@executable_path/Frameworks",
				);
				PRODUCT_BUNDLE_IDENTIFIER = br.edu.ifpb.pdm.Filmes;
				PRODUCT_NAME = "$(TARGET_NAME)";
				SWIFT_VERSION = 5.0;
				TARGETED_DEVICE_FAMILY = "1,2";
			};
			name = Debug;
		};
		AED4D0A226506453009BA634 /* Release */ = {
			isa = XCBuildConfiguration;
			buildSettings = {
				ASSETCATALOG_COMPILER_APPICON_NAME = AppIcon;
				ASSETCATALOG_COMPILER_GLOBAL_ACCENT_COLOR_NAME = AccentColor;
				CODE_SIGN_STYLE = Automatic;
				INFOPLIST_FILE = Filmes/Info.plist;
				LD_RUNPATH_SEARCH_PATHS = (
					"$(inherited)",
					"@executable_path/Frameworks",
				);
				PRODUCT_BUNDLE_IDENTIFIER = br.edu.ifpb.pdm.Filmes;
				PRODUCT_NAME = "$(TARGET_NAME)";
				SWIFT_VERSION = 5.0;
				TARGETED_DEVICE_FAMILY = "1,2";
			};
			name = Release;
		};
/* End XCBuildConfiguration section */

/* Begin XCConfigurationList section */
		AED4D08726506451009BA634 /* Build configuration list for PBXProject "Filmes" */ = {
			isa = XCConfigurationList;
			buildConfigurations = (
				AED4D09E26506453009BA634 /* Debug */,
				AED4D09F26506453009BA634 /* Release */,
			);
			defaultConfigurationIsVisible = 0;
			defaultConfigurationName = Release;
		};
		AED4D0A026506453009BA634 /* Build configuration list for PBXNativeTarget "Filmes" */ = {
			isa = XCConfigurationList;
			buildConfigurations = (
				AED4D0A126506453009BA634 /* Debug */,
				AED4D0A226506453009BA634 /* Release */,
			);
			defaultConfigurationIsVisible = 0;
			defaultConfigurationName = Release;
		};
/* End XCConfigurationList section */
	};
	rootObject = AED4D08426506451009BA634 /* Project object */;
}
